// !$*UTF8*$!
{
	archiveVersion = 1;
	classes = {
	};
	objectVersion = 55;
	objects = {

/* Begin PBXBuildFile section */
		EE79B2F2270B1833009671EB /* AppDelegate.swift in Sources */ = {isa = PBXBuildFile; fileRef = EE79B2F1270B1833009671EB /* AppDelegate.swift */; };
		EE79B2F4270B1833009671EB /* SceneDelegate.swift in Sources */ = {isa = PBXBuildFile; fileRef = EE79B2F3270B1833009671EB /* SceneDelegate.swift */; };
		EE79B2F6270B1833009671EB /* ViewController.swift in Sources */ = {isa = PBXBuildFile; fileRef = EE79B2F5270B1833009671EB /* ViewController.swift */; };
		EE79B2F9270B1833009671EB /* Main.storyboard in Resources */ = {isa = PBXBuildFile; fileRef = EE79B2F7270B1833009671EB /* Main.storyboard */; };
		EE79B2FB270B1834009671EB /* Assets.xcassets in Resources */ = {isa = PBXBuildFile; fileRef = EE79B2FA270B1834009671EB /* Assets.xcassets */; };
		EE79B2FE270B1834009671EB /* LaunchScreen.storyboard in Resources */ = {isa = PBXBuildFile; fileRef = EE79B2FC270B1834009671EB /* LaunchScreen.storyboard */; };
		EE79B309270B1834009671EB /* day6new6Tests.swift in Sources */ = {isa = PBXBuildFile; fileRef = EE79B308270B1834009671EB /* day6new6Tests.swift */; };
		EE79B313270B1834009671EB /* day6new6UITests.swift in Sources */ = {isa = PBXBuildFile; fileRef = EE79B312270B1834009671EB /* day6new6UITests.swift */; };
		EE79B315270B1834009671EB /* day6new6UITestsLaunchTests.swift in Sources */ = {isa = PBXBuildFile; fileRef = EE79B314270B1834009671EB /* day6new6UITestsLaunchTests.swift */; };
		EE79B322270B1E94009671EB /* Cod.swift in Sources */ = {isa = PBXBuildFile; fileRef = EE79B321270B1E94009671EB /* Cod.swift */; };
/* End PBXBuildFile section */

/* Begin PBXContainerItemProxy section */
		EE79B305270B1834009671EB /* PBXContainerItemProxy */ = {
			isa = PBXContainerItemProxy;
			containerPortal = EE79B2E6270B1833009671EB /* Project object */;
			proxyType = 1;
			remoteGlobalIDString = EE79B2ED270B1833009671EB;
			remoteInfo = day6new6;
		};
		EE79B30F270B1834009671EB /* PBXContainerItemProxy */ = {
			isa = PBXContainerItemProxy;
			containerPortal = EE79B2E6270B1833009671EB /* Project object */;
			proxyType = 1;
			remoteGlobalIDString = EE79B2ED270B1833009671EB;
			remoteInfo = day6new6;
		};
/* End PBXContainerItemProxy section */

/* Begin PBXFileReference section */
		EE79B2EE270B1833009671EB /* day6new6.app */ = {isa = PBXFileReference; explicitFileType = wrapper.application; includeInIndex = 0; path = day6new6.app; sourceTree = BUILT_PRODUCTS_DIR; };
		EE79B2F1270B1833009671EB /* AppDelegate.swift */ = {isa = PBXFileReference; lastKnownFileType = sourcecode.swift; path = AppDelegate.swift; sourceTree = "<group>"; };
		EE79B2F3270B1833009671EB /* SceneDelegate.swift */ = {isa = PBXFileReference; lastKnownFileType = sourcecode.swift; path = SceneDelegate.swift; sourceTree = "<group>"; };
		EE79B2F5270B1833009671EB /* ViewController.swift */ = {isa = PBXFileReference; lastKnownFileType = sourcecode.swift; path = ViewController.swift; sourceTree = "<group>"; };
		EE79B2F8270B1833009671EB /* Base */ = {isa = PBXFileReference; lastKnownFileType = file.storyboard; name = Base; path = Base.lproj/Main.storyboard; sourceTree = "<group>"; };
		EE79B2FA270B1834009671EB /* Assets.xcassets */ = {isa = PBXFileReference; lastKnownFileType = folder.assetcatalog; path = Assets.xcassets; sourceTree = "<group>"; };
		EE79B2FD270B1834009671EB /* Base */ = {isa = PBXFileReference; lastKnownFileType = file.storyboard; name = Base; path = Base.lproj/LaunchScreen.storyboard; sourceTree = "<group>"; };
		EE79B2FF270B1834009671EB /* Info.plist */ = {isa = PBXFileReference; lastKnownFileType = text.plist.xml; path = Info.plist; sourceTree = "<group>"; };
		EE79B304270B1834009671EB /* day6new6Tests.xctest */ = {isa = PBXFileReference; explicitFileType = wrapper.cfbundle; includeInIndex = 0; path = day6new6Tests.xctest; sourceTree = BUILT_PRODUCTS_DIR; };
		EE79B308270B1834009671EB /* day6new6Tests.swift */ = {isa = PBXFileReference; lastKnownFileType = sourcecode.swift; path = day6new6Tests.swift; sourceTree = "<group>"; };
		EE79B30E270B1834009671EB /* day6new6UITests.xctest */ = {isa = PBXFileReference; explicitFileType = wrapper.cfbundle; includeInIndex = 0; path = day6new6UITests.xctest; sourceTree = BUILT_PRODUCTS_DIR; };
		EE79B312270B1834009671EB /* day6new6UITests.swift */ = {isa = PBXFileReference; lastKnownFileType = sourcecode.swift; path = day6new6UITests.swift; sourceTree = "<group>"; };
		EE79B314270B1834009671EB /* day6new6UITestsLaunchTests.swift */ = {isa = PBXFileReference; lastKnownFileType = sourcecode.swift; path = day6new6UITestsLaunchTests.swift; sourceTree = "<group>"; };
		EE79B321270B1E94009671EB /* Cod.swift */ = {isa = PBXFileReference; lastKnownFileType = sourcecode.swift; path = Cod.swift; sourceTree = "<group>"; };
/* End PBXFileReference section */

/* Begin PBXFrameworksBuildPhase section */
		EE79B2EB270B1833009671EB /* Frameworks */ = {
			isa = PBXFrameworksBuildPhase;
			buildActionMask = 2147483647;
			files = (
			);
			runOnlyForDeploymentPostprocessing = 0;
		};
		EE79B301270B1834009671EB /* Frameworks */ = {
			isa = PBXFrameworksBuildPhase;
			buildActionMask = 2147483647;
			files = (
			);
			runOnlyForDeploymentPostprocessing = 0;
		};
		EE79B30B270B1834009671EB /* Frameworks */ = {
			isa = PBXFrameworksBuildPhase;
			buildActionMask = 2147483647;
			files = (
			);
			runOnlyForDeploymentPostprocessing = 0;
		};
/* End PBXFrameworksBuildPhase section */

/* Begin PBXGroup section */
		EE79B2E5270B1833009671EB = {
			isa = PBXGroup;
			children = (
				EE79B2F0270B1833009671EB /* day6new6 */,
				EE79B307270B1834009671EB /* day6new6Tests */,
				EE79B311270B1834009671EB /* day6new6UITests */,
				EE79B2EF270B1833009671EB /* Products */,
			);
			sourceTree = "<group>";
		};
		EE79B2EF270B1833009671EB /* Products */ = {
			isa = PBXGroup;
			children = (
				EE79B2EE270B1833009671EB /* day6new6.app */,
				EE79B304270B1834009671EB /* day6new6Tests.xctest */,
				EE79B30E270B1834009671EB /* day6new6UITests.xctest */,
			);
			name = Products;
			sourceTree = "<group>";
		};
		EE79B2F0270B1833009671EB /* day6new6 */ = {
			isa = PBXGroup;
			children = (
				EE79B2F1270B1833009671EB /* AppDelegate.swift */,
				EE79B2F3270B1833009671EB /* SceneDelegate.swift */,
				EE79B2F5270B1833009671EB /* ViewController.swift */,
				EE79B321270B1E94009671EB /* Cod.swift */,
				EE79B2F7270B1833009671EB /* Main.storyboard */,
				EE79B2FA270B1834009671EB /* Assets.xcassets */,
				EE79B2FC270B1834009671EB /* LaunchScreen.storyboard */,
				EE79B2FF270B1834009671EB /* Info.plist */,
			);
			path = day6new6;
			sourceTree = "<group>";
		};
		EE79B307270B1834009671EB /* day6new6Tests */ = {
			isa = PBXGroup;
			children = (
				EE79B308270B1834009671EB /* day6new6Tests.swift */,
			);
			path = day6new6Tests;
			sourceTree = "<group>";
		};
		EE79B311270B1834009671EB /* day6new6UITests */ = {
			isa = PBXGroup;
			children = (
				EE79B312270B1834009671EB /* day6new6UITests.swift */,
				EE79B314270B1834009671EB /* day6new6UITestsLaunchTests.swift */,
			);
			path = day6new6UITests;
			sourceTree = "<group>";
		};
/* End PBXGroup section */

/* Begin PBXNativeTarget section */
		EE79B2ED270B1833009671EB /* day6new6 */ = {
			isa = PBXNativeTarget;
			buildConfigurationList = EE79B318270B1834009671EB /* Build configuration list for PBXNativeTarget "day6new6" */;
			buildPhases = (
				EE79B2EA270B1833009671EB /* Sources */,
				EE79B2EB270B1833009671EB /* Frameworks */,
				EE79B2EC270B1833009671EB /* Resources */,
			);
			buildRules = (
			);
			dependencies = (
			);
			name = day6new6;
			productName = day6new6;
			productReference = EE79B2EE270B1833009671EB /* day6new6.app */;
			productType = "com.apple.product-type.application";
		};
		EE79B303270B1834009671EB /* day6new6Tests */ = {
			isa = PBXNativeTarget;
			buildConfigurationList = EE79B31B270B1834009671EB /* Build configuration list for PBXNativeTarget "day6new6Tests" */;
			buildPhases = (
				EE79B300270B1834009671EB /* Sources */,
				EE79B301270B1834009671EB /* Frameworks */,
				EE79B302270B1834009671EB /* Resources */,
			);
			buildRules = (
			);
			dependencies = (
				EE79B306270B1834009671EB /* PBXTargetDependency */,
			);
			name = day6new6Tests;
			productName = day6new6Tests;
			productReference = EE79B304270B1834009671EB /* day6new6Tests.xctest */;
			productType = "com.apple.product-type.bundle.unit-test";
		};
		EE79B30D270B1834009671EB /* day6new6UITests */ = {
			isa = PBXNativeTarget;
			buildConfigurationList = EE79B31E270B1834009671EB /* Build configuration list for PBXNativeTarget "day6new6UITests" */;
			buildPhases = (
				EE79B30A270B1834009671EB /* Sources */,
				EE79B30B270B1834009671EB /* Frameworks */,
				EE79B30C270B1834009671EB /* Resources */,
			);
			buildRules = (
			);
			dependencies = (
				EE79B310270B1834009671EB /* PBXTargetDependency */,
			);
			name = day6new6UITests;
			productName = day6new6UITests;
			productReference = EE79B30E270B1834009671EB /* day6new6UITests.xctest */;
			productType = "com.apple.product-type.bundle.ui-testing";
		};
/* End PBXNativeTarget section */

/* Begin PBXProject section */
		EE79B2E6270B1833009671EB /* Project object */ = {
			isa = PBXProject;
			attributes = {
				BuildIndependentTargetsInParallel = 1;
				LastSwiftUpdateCheck = 1300;
				LastUpgradeCheck = 1300;
				TargetAttributes = {
					EE79B2ED270B1833009671EB = {
						CreatedOnToolsVersion = 13.0;
					};
					EE79B303270B1834009671EB = {
						CreatedOnToolsVersion = 13.0;
						TestTargetID = EE79B2ED270B1833009671EB;
					};
					EE79B30D270B1834009671EB = {
						CreatedOnToolsVersion = 13.0;
						TestTargetID = EE79B2ED270B1833009671EB;
					};
				};
			};
			buildConfigurationList = EE79B2E9270B1833009671EB /* Build configuration list for PBXProject "day6new6" */;
			compatibilityVersion = "Xcode 13.0";
			developmentRegion = en;
			hasScannedForEncodings = 0;
			knownRegions = (
				en,
				Base,
			);
			mainGroup = EE79B2E5270B1833009671EB;
			productRefGroup = EE79B2EF270B1833009671EB /* Products */;
			projectDirPath = "";
			projectRoot = "";
			targets = (
				EE79B2ED270B1833009671EB /* day6new6 */,
				EE79B303270B1834009671EB /* day6new6Tests */,
				EE79B30D270B1834009671EB /* day6new6UITests */,
			);
		};
/* End PBXProject section */

/* Begin PBXResourcesBuildPhase section */
		EE79B2EC270B1833009671EB /* Resources */ = {
			isa = PBXResourcesBuildPhase;
			buildActionMask = 2147483647;
			files = (
				EE79B2FE270B1834009671EB /* LaunchScreen.storyboard in Resources */,
				EE79B2FB270B1834009671EB /* Assets.xcassets in Resources */,
				EE79B2F9270B1833009671EB /* Main.storyboard in Resources */,
			);
			runOnlyForDeploymentPostprocessing = 0;
		};
		EE79B302270B1834009671EB /* Resources */ = {
			isa = PBXResourcesBuildPhase;
			buildActionMask = 2147483647;
			files = (
			);
			runOnlyForDeploymentPostprocessing = 0;
		};
		EE79B30C270B1834009671EB /* Resources */ = {
			isa = PBXResourcesBuildPhase;
			buildActionMask = 2147483647;
			files = (
			);
			runOnlyForDeploymentPostprocessing = 0;
		};
/* End PBXResourcesBuildPhase section */

/* Begin PBXSourcesBuildPhase section */
		EE79B2EA270B1833009671EB /* Sources */ = {
			isa = PBXSourcesBuildPhase;
			buildActionMask = 2147483647;
			files = (
				EE79B2F6270B1833009671EB /* ViewController.swift in Sources */,
				EE79B2F2270B1833009671EB /* AppDelegate.swift in Sources */,
				EE79B322270B1E94009671EB /* Cod.swift in Sources */,
				EE79B2F4270B1833009671EB /* SceneDelegate.swift in Sources */,
			);
			runOnlyForDeploymentPostprocessing = 0;
		};
		EE79B300270B1834009671EB /* Sources */ = {
			isa = PBXSourcesBuildPhase;
			buildActionMask = 2147483647;
			files = (
				EE79B309270B1834009671EB /* day6new6Tests.swift in Sources */,
			);
			runOnlyForDeploymentPostprocessing = 0;
		};
		EE79B30A270B1834009671EB /* Sources */ = {
			isa = PBXSourcesBuildPhase;
			buildActionMask = 2147483647;
			files = (
				EE79B315270B1834009671EB /* day6new6UITestsLaunchTests.swift in Sources */,
				EE79B313270B1834009671EB /* day6new6UITests.swift in Sources */,
			);
			runOnlyForDeploymentPostprocessing = 0;
		};
/* End PBXSourcesBuildPhase section */

/* Begin PBXTargetDependency section */
		EE79B306270B1834009671EB /* PBXTargetDependency */ = {
			isa = PBXTargetDependency;
			target = EE79B2ED270B1833009671EB /* day6new6 */;
			targetProxy = EE79B305270B1834009671EB /* PBXContainerItemProxy */;
		};
		EE79B310270B1834009671EB /* PBXTargetDependency */ = {
			isa = PBXTargetDependency;
			target = EE79B2ED270B1833009671EB /* day6new6 */;
			targetProxy = EE79B30F270B1834009671EB /* PBXContainerItemProxy */;
		};
/* End PBXTargetDependency section */

/* Begin PBXVariantGroup section */
		EE79B2F7270B1833009671EB /* Main.storyboard */ = {
			isa = PBXVariantGroup;
			children = (
				EE79B2F8270B1833009671EB /* Base */,
			);
			name = Main.storyboard;
			sourceTree = "<group>";
		};
		EE79B2FC270B1834009671EB /* LaunchScreen.storyboard */ = {
			isa = PBXVariantGroup;
			children = (
				EE79B2FD270B1834009671EB /* Base */,
			);
			name = LaunchScreen.storyboard;
			sourceTree = "<group>";
		};
/* End PBXVariantGroup section */

/* Begin XCBuildConfiguration section */
		EE79B316270B1834009671EB /* Debug */ = {
			isa = XCBuildConfiguration;
			buildSettings = {
				ALWAYS_SEARCH_USER_PATHS = NO;
				CLANG_ANALYZER_NONNULL = YES;
				CLANG_ANALYZER_NUMBER_OBJECT_CONVERSION = YES_AGGRESSIVE;
				CLANG_CXX_LANGUAGE_STANDARD = "gnu++17";
				CLANG_CXX_LIBRARY = "libc++";
				CLANG_ENABLE_MODULES = YES;
				CLANG_ENABLE_OBJC_ARC = YES;
				CLANG_ENABLE_OBJC_WEAK = YES;
				CLANG_WARN_BLOCK_CAPTURE_AUTORELEASING = YES;
				CLANG_WARN_BOOL_CONVERSION = YES;
				CLANG_WARN_COMMA = YES;
				CLANG_WARN_CONSTANT_CONVERSION = YES;
				CLANG_WARN_DEPRECATED_OBJC_IMPLEMENTATIONS = YES;
				CLANG_WARN_DIRECT_OBJC_ISA_USAGE = YES_ERROR;
				CLANG_WARN_DOCUMENTATION_COMMENTS = YES;
				CLANG_WARN_EMPTY_BODY = YES;
				CLANG_WARN_ENUM_CONVERSION = YES;
				CLANG_WARN_INFINITE_RECURSION = YES;
				CLANG_WARN_INT_CONVERSION = YES;
				CLANG_WARN_NON_LITERAL_NULL_CONVERSION = YES;
				CLANG_WARN_OBJC_IMPLICIT_RETAIN_SELF = YES;
				CLANG_WARN_OBJC_LITERAL_CONVERSION = YES;
				CLANG_WARN_OBJC_ROOT_CLASS = YES_ERROR;
				CLANG_WARN_QUOTED_INCLUDE_IN_FRAMEWORK_HEADER = YES;
				CLANG_WARN_RANGE_LOOP_ANALYSIS = YES;
				CLANG_WARN_STRICT_PROTOTYPES = YES;
				CLANG_WARN_SUSPICIOUS_MOVE = YES;
				CLANG_WARN_UNGUARDED_AVAILABILITY = YES_AGGRESSIVE;
				CLANG_WARN_UNREACHABLE_CODE = YES;
				CLANG_WARN__DUPLICATE_METHOD_MATCH = YES;
				COPY_PHASE_STRIP = NO;
				DEBUG_INFORMATION_FORMAT = dwarf;
				ENABLE_STRICT_OBJC_MSGSEND = YES;
				ENABLE_TESTABILITY = YES;
				GCC_C_LANGUAGE_STANDARD = gnu11;
				GCC_DYNAMIC_NO_PIC = NO;
				GCC_NO_COMMON_BLOCKS = YES;
				GCC_OPTIMIZATION_LEVEL = 0;
				GCC_PREPROCESSOR_DEFINITIONS = (
					"DEBUG=1",
					"$(inherited)",
				);
				GCC_WARN_64_TO_32_BIT_CONVERSION = YES;
				GCC_WARN_ABOUT_RETURN_TYPE = YES_ERROR;
				GCC_WARN_UNDECLARED_SELECTOR = YES;
				GCC_WARN_UNINITIALIZED_AUTOS = YES_AGGRESSIVE;
				GCC_WARN_UNUSED_FUNCTION = YES;
				GCC_WARN_UNUSED_VARIABLE = YES;
				IPHONEOS_DEPLOYMENT_TARGET = 15.0;
				MTL_ENABLE_DEBUG_INFO = INCLUDE_SOURCE;
				MTL_FAST_MATH = YES;
				ONLY_ACTIVE_ARCH = YES;
				SDKROOT = iphoneos;
				SWIFT_ACTIVE_COMPILATION_CONDITIONS = DEBUG;
				SWIFT_OPTIMIZATION_LEVEL = "-Onone";
			};
			name = Debug;
		};
		EE79B317270B1834009671EB /* Release */ = {
			isa = XCBuildConfiguration;
			buildSettings = {
				ALWAYS_SEARCH_USER_PATHS = NO;
				CLANG_ANALYZER_NONNULL = YES;
				CLANG_ANALYZER_NUMBER_OBJECT_CONVERSION = YES_AGGRESSIVE;
				CLANG_CXX_LANGUAGE_STANDARD = "gnu++17";
				CLANG_CXX_LIBRARY = "libc++";
				CLANG_ENABLE_MODULES = YES;
				CLANG_ENABLE_OBJC_ARC = YES;
				CLANG_ENABLE_OBJC_WEAK = YES;
				CLANG_WARN_BLOCK_CAPTURE_AUTORELEASING = YES;
				CLANG_WARN_BOOL_CONVERSION = YES;
				CLANG_WARN_COMMA = YES;
				CLANG_WARN_CONSTANT_CONVERSION = YES;
				CLANG_WARN_DEPRECATED_OBJC_IMPLEMENTATIONS = YES;
				CLANG_WARN_DIRECT_OBJC_ISA_USAGE = YES_ERROR;
				CLANG_WARN_DOCUMENTATION_COMMENTS = YES;
				CLANG_WARN_EMPTY_BODY = YES;
				CLANG_WARN_ENUM_CONVERSION = YES;
				CLANG_WARN_INFINITE_RECURSION = YES;
				CLANG_WARN_INT_CONVERSION = YES;
				CLANG_WARN_NON_LITERAL_NULL_CONVERSION = YES;
				CLANG_WARN_OBJC_IMPLICIT_RETAIN_SELF = YES;
				CLANG_WARN_OBJC_LITERAL_CONVERSION = YES;
				CLANG_WARN_OBJC_ROOT_CLASS = YES_ERROR;
				CLANG_WARN_QUOTED_INCLUDE_IN_FRAMEWORK_HEADER = YES;
				CLANG_WARN_RANGE_LOOP_ANALYSIS = YES;
				CLANG_WARN_STRICT_PROTOTYPES = YES;
				CLANG_WARN_SUSPICIOUS_MOVE = YES;
				CLANG_WARN_UNGUARDED_AVAILABILITY = YES_AGGRESSIVE;
				CLANG_WARN_UNREACHABLE_CODE = YES;
				CLANG_WARN__DUPLICATE_METHOD_MATCH = YES;
				COPY_PHASE_STRIP = NO;
				DEBUG_INFORMATION_FORMAT = "dwarf-with-dsym";
				ENABLE_NS_ASSERTIONS = NO;
				ENABLE_STRICT_OBJC_MSGSEND = YES;
				GCC_C_LANGUAGE_STANDARD = gnu11;
				GCC_NO_COMMON_BLOCKS = YES;
				GCC_WARN_64_TO_32_BIT_CONVERSION = YES;
				GCC_WARN_ABOUT_RETURN_TYPE = YES_ERROR;
				GCC_WARN_UNDECLARED_SELECTOR = YES;
				GCC_WARN_UNINITIALIZED_AUTOS = YES_AGGRESSIVE;
				GCC_WARN_UNUSED_FUNCTION = YES;
				GCC_WARN_UNUSED_VARIABLE = YES;
				IPHONEOS_DEPLOYMENT_TARGET = 15.0;
				MTL_ENABLE_DEBUG_INFO = NO;
				MTL_FAST_MATH = YES;
				SDKROOT = iphoneos;
				SWIFT_COMPILATION_MODE = wholemodule;
				SWIFT_OPTIMIZATION_LEVEL = "-O";
				VALIDATE_PRODUCT = YES;
			};
			name = Release;
		};
		EE79B319270B1834009671EB /* Debug */ = {
			isa = XCBuildConfiguration;
			buildSettings = {
				ASSETCATALOG_COMPILER_APPICON_NAME = AppIcon;
				ASSETCATALOG_COMPILER_GLOBAL_ACCENT_COLOR_NAME = AccentColor;
				CODE_SIGN_STYLE = Automatic;
				CURRENT_PROJECT_VERSION = 1;
				GENERATE_INFOPLIST_FILE = YES;
				INFOPLIST_FILE = day6new6/Info.plist;
				INFOPLIST_KEY_UIApplicationSupportsIndirectInputEvents = YES;
				INFOPLIST_KEY_UILaunchStoryboardName = LaunchScreen;
				INFOPLIST_KEY_UIMainStoryboardFile = Main;
				INFOPLIST_KEY_UISupportedInterfaceOrientations_iPad = "UIInterfaceOrientationPortrait UIInterfaceOrientationPortraitUpsideDown UIInterfaceOrientationLandscapeLeft UIInterfaceOrientationLandscapeRight";
				INFOPLIST_KEY_UISupportedInterfaceOrientations_iPhone = "UIInterfaceOrientationPortrait UIInterfaceOrientationLandscapeLeft UIInterfaceOrientationLandscapeRight";
				LD_RUNPATH_SEARCH_PATHS = (
					"$(inherited)",
					"@executable_path/Frameworks",
				);
				MARKETING_VERSION = 1.0;
				PRODUCT_BUNDLE_IDENTIFIER = sally.com.day6new6;
				PRODUCT_NAME = "$(TARGET_NAME)";
				SWIFT_EMIT_LOC_STRINGS = YES;
				SWIFT_VERSION = 5.0;
				TARGETED_DEVICE_FAMILY = "1,2";
			};
			name = Debug;
		};
		EE79B31A270B1834009671EB /* Release */ = {
			isa = XCBuildConfiguration;
			buildSettings = {
				ASSETCATALOG_COMPILER_APPICON_NAME = AppIcon;
				ASSETCATALOG_COMPILER_GLOBAL_ACCENT_COLOR_NAME = AccentColor;
				CODE_SIGN_STYLE = Automatic;
				CURRENT_PROJECT_VERSION = 1;
				GENERATE_INFOPLIST_FILE = YES;
				INFOPLIST_FILE = day6new6/Info.plist;
				INFOPLIST_KEY_UIApplicationSupportsIndirectInputEvents = YES;
				INFOPLIST_KEY_UILaunchStoryboardName = LaunchScreen;
				INFOPLIST_KEY_UIMainStoryboardFile = Main;
				INFOPLIST_KEY_UISupportedInterfaceOrientations_iPad = "UIInterfaceOrientationPortrait UIInterfaceOrientationPortraitUpsideDown UIInterfaceOrientationLandscapeLeft UIInterfaceOrientationLandscapeRight";
				INFOPLIST_KEY_UISupportedInterfaceOrientations_iPhone = "UIInterfaceOrientationPortrait UIInterfaceOrientationLandscapeLeft UIInterfaceOrientationLandscapeRight";
				LD_RUNPATH_SEARCH_PATHS = (
					"$(inherited)",
					"@executable_path/Frameworks",
				);
				MARKETING_VERSION = 1.0;
				PRODUCT_BUNDLE_IDENTIFIER = sally.com.day6new6;
				PRODUCT_NAME = "$(TARGET_NAME)";
				SWIFT_EMIT_LOC_STRINGS = YES;
				SWIFT_VERSION = 5.0;
				TARGETED_DEVICE_FAMILY = "1,2";
			};
			name = Release;
		};
		EE79B31C270B1834009671EB /* Debug */ = {
			isa = XCBuildConfiguration;
			buildSettings = {
				ALWAYS_EMBED_SWIFT_STANDARD_LIBRARIES = YES;
				BUNDLE_LOADER = "$(TEST_HOST)";
				CODE_SIGN_STYLE = Automatic;
				CURRENT_PROJECT_VERSION = 1;
				GENERATE_INFOPLIST_FILE = YES;
				IPHONEOS_DEPLOYMENT_TARGET = 15.0;
				LD_RUNPATH_SEARCH_PATHS = (
					"$(inherited)",
					"@executable_path/Frameworks",
					"@loader_path/Frameworks",
				);
				MARKETING_VERSION = 1.0;
				PRODUCT_BUNDLE_IDENTIFIER = sally.com.day6new6Tests;
				PRODUCT_NAME = "$(TARGET_NAME)";
				SWIFT_EMIT_LOC_STRINGS = NO;
				SWIFT_VERSION = 5.0;
				TARGETED_DEVICE_FAMILY = "1,2";
				TEST_HOST = "$(BUILT_PRODUCTS_DIR)/day6new6.app/day6new6";
			};
			name = Debug;
		};
		EE79B31D270B1834009671EB /* Release */ = {
			isa = XCBuildConfiguration;
			buildSettings = {
				ALWAYS_EMBED_SWIFT_STANDARD_LIBRARIES = YES;
				BUNDLE_LOADER = "$(TEST_HOST)";
				CODE_SIGN_STYLE = Automatic;
				CURRENT_PROJECT_VERSION = 1;
				GENERATE_INFOPLIST_FILE = YES;
				IPHONEOS_DEPLOYMENT_TARGET = 15.0;
				LD_RUNPATH_SEARCH_PATHS = (
					"$(inherited)",
					"@executable_path/Frameworks",
					"@loader_path/Frameworks",
				);
				MARKETING_VERSION = 1.0;
				PRODUCT_BUNDLE_IDENTIFIER = sally.com.day6new6Tests;
				PRODUCT_NAME = "$(TARGET_NAME)";
				SWIFT_EMIT_LOC_STRINGS = NO;
				SWIFT_VERSION = 5.0;
				TARGETED_DEVICE_FAMILY = "1,2";
				TEST_HOST = "$(BUILT_PRODUCTS_DIR)/day6new6.app/day6new6";
			};
			name = Release;
		};
		EE79B31F270B1834009671EB /* Debug */ = {
			isa = XCBuildConfiguration;
			buildSettings = {
				ALWAYS_EMBED_SWIFT_STANDARD_LIBRARIES = YES;
				CODE_SIGN_STYLE = Automatic;
				CURRENT_PROJECT_VERSION = 1;
				GENERATE_INFOPLIST_FILE = YES;
				LD_RUNPATH_SEARCH_PATHS = (
					"$(inherited)",
					"@executable_path/Frameworks",
					"@loader_path/Frameworks",
				);
				MARKETING_VERSION = 1.0;
				PRODUCT_BUNDLE_IDENTIFIER = sally.com.day6new6UITests;
				PRODUCT_NAME = "$(TARGET_NAME)";
				SWIFT_EMIT_LOC_STRINGS = NO;
				SWIFT_VERSION = 5.0;
				TARGETED_DEVICE_FAMILY = "1,2";
				TEST_TARGET_NAME = day6new6;
			};
			name = Debug;
		};
		EE79B320270B1834009671EB /* Release */ = {
			isa = XCBuildConfiguration;
			buildSettings = {
				ALWAYS_EMBED_SWIFT_STANDARD_LIBRARIES = YES;
				CODE_SIGN_STYLE = Automatic;
				CURRENT_PROJECT_VERSION = 1;
				GENERATE_INFOPLIST_FILE = YES;
				LD_RUNPATH_SEARCH_PATHS = (
					"$(inherited)",
					"@executable_path/Frameworks",
					"@loader_path/Frameworks",
				);
				MARKETING_VERSION = 1.0;
				PRODUCT_BUNDLE_IDENTIFIER = sally.com.day6new6UITests;
				PRODUCT_NAME = "$(TARGET_NAME)";
				SWIFT_EMIT_LOC_STRINGS = NO;
				SWIFT_VERSION = 5.0;
				TARGETED_DEVICE_FAMILY = "1,2";
				TEST_TARGET_NAME = day6new6;
			};
			name = Release;
		};
/* End XCBuildConfiguration section */

/* Begin XCConfigurationList section */
		EE79B2E9270B1833009671EB /* Build configuration list for PBXProject "day6new6" */ = {
			isa = XCConfigurationList;
			buildConfigurations = (
				EE79B316270B1834009671EB /* Debug */,
				EE79B317270B1834009671EB /* Release */,
			);
			defaultConfigurationIsVisible = 0;
			defaultConfigurationName = Release;
		};
		EE79B318270B1834009671EB /* Build configuration list for PBXNativeTarget "day6new6" */ = {
			isa = XCConfigurationList;
			buildConfigurations = (
				EE79B319270B1834009671EB /* Debug */,
				EE79B31A270B1834009671EB /* Release */,
			);
			defaultConfigurationIsVisible = 0;
			defaultConfigurationName = Release;
		};
		EE79B31B270B1834009671EB /* Build configuration list for PBXNativeTarget "day6new6Tests" */ = {
			isa = XCConfigurationList;
			buildConfigurations = (
				EE79B31C270B1834009671EB /* Debug */,
				EE79B31D270B1834009671EB /* Release */,
			);
			defaultConfigurationIsVisible = 0;
			defaultConfigurationName = Release;
		};
		EE79B31E270B1834009671EB /* Build configuration list for PBXNativeTarget "day6new6UITests" */ = {
			isa = XCConfigurationList;
			buildConfigurations = (
				EE79B31F270B1834009671EB /* Debug */,
				EE79B320270B1834009671EB /* Release */,
			);
			defaultConfigurationIsVisible = 0;
			defaultConfigurationName = Release;
		};
/* End XCConfigurationList section */
	};
	rootObject = EE79B2E6270B1833009671EB /* Project object */;
}
